Microsoft Visual Studio Solution File, Format Version 12.00
# Visual Studio Version 17
VisualStudioVersion = 17.0.31903.59
MinimumVisualStudioVersion = 10.0.40219.1
Project("{FAE04EC0-301F-11D3-BF4B-00C04F79EFBC}") = "CraftIndex", "src\InventoryUX\InventoryUX.csproj", "{A304416E-E146-4B74-93F3-DAF5D18FC27C}"
EndProject
Project("{FAE04EC0-301F-11D3-BF4B-00C04F79EFBC}") = "InventoryUX.CoreTests", "tests\InventoryUX.CoreTests\InventoryUX.CoreTests.csproj", "{2C32CC85-5C04-4A7F-A41A-3C87F170415F}"
EndProject
Project("{FAE04EC0-301F-11D3-BF4B-00C04F79EFBC}") = "InventoryUX.ApiTests", "tests\InventoryUX.ApiTests\InventoryUX.ApiTests.csproj", "{DDA620B4-B0A5-4C30-96D2-5888FF9838CD}"
EndProject
Global
	GlobalSection(SolutionConfigurationPlatforms) = preSolution
		Debug|Any CPU = Debug|Any CPU
		Release|Any CPU = Release|Any CPU
	EndGlobalSection
	GlobalSection(ProjectConfigurationPlatforms) = postSolution
		{A304416E-E146-4B74-93F3-DAF5D18FC27C}.Debug|Any CPU.ActiveCfg = Debug|Any CPU
		{A304416E-E146-4B74-93F3-DAF5D18FC27C}.Debug|Any CPU.Build.0 = Debug|Any CPU
		{A304416E-E146-4B74-93F3-DAF5D18FC27C}.Release|Any CPU.ActiveCfg = Release|Any CPU
		{A304416E-E146-4B74-93F3-DAF5D18FC27C}.Release|Any CPU.Build.0 = Release|Any CPU
		{2C32CC85-5C04-4A7F-A41A-3C87F170415F}.Debug|Any CPU.ActiveCfg = Debug|Any CPU
		{2C32CC85-5C04-4A7F-A41A-3C87F170415F}.Debug|Any CPU.Build.0 = Debug|Any CPU
		{2C32CC85-5C04-4A7F-A41A-3C87F170415F}.Release|Any CPU.ActiveCfg = Release|Any CPU
		{2C32CC85-5C04-4A7F-A41A-3C87F170415F}.Release|Any CPU.Build.0 = Release|Any CPU
		{DDA620B4-B0A5-4C30-96D2-5888FF9838CD}.Debug|Any CPU.ActiveCfg = Debug|Any CPU
		{DDA620B4-B0A5-4C30-96D2-5888FF9838CD}.Debug|Any CPU.Build.0 = Debug|Any CPU
		{DDA620B4-B0A5-4C30-96D2-5888FF9838CD}.Release|Any CPU.ActiveCfg = Release|Any CPU
		{DDA620B4-B0A5-4C30-96D2-5888FF9838CD}.Release|Any CPU.Build.0 = Release|Any CPU
	EndGlobalSection
EndGlobal
